
Microsoft Visual Studio Solution File, Format Version 12.00
# Visual Studio 15
VisualStudioVersion = 15.0.28307.102
MinimumVisualStudioVersion = 10.0.40219.1
Project("{FAE04EC0-301F-11D3-BF4B-00C04F79EFBC}") = "Simplex", "Simplex\Simplex.csproj", "{9C2E13CA-AE4C-4CB9-89C3-CF50018AE1E2}"
EndProject
Global
	GlobalSection(SolutionConfigurationPlatforms) = preSolution
		Debug|Any CPU = Debug|Any CPU
		Release|Any CPU = Release|Any CPU
	EndGlobalSection
	GlobalSection(ProjectConfigurationPlatforms) = postSolution
		{9C2E13CA-AE4C-4CB9-89C3-CF50018AE1E2}.Debug|Any CPU.ActiveCfg = Debug|Any CPU
		{9C2E13CA-AE4C-4CB9-89C3-CF50018AE1E2}.Debug|Any CPU.Build.0 = Debug|Any CPU
		{9C2E13CA-AE4C-4CB9-89C3-CF50018AE1E2}.Release|Any CPU.ActiveCfg = Release|Any CPU
		{9C2E13CA-AE4C-4CB9-89C3-CF50018AE1E2}.Release|Any CPU.Build.0 = Release|Any CPU
	EndGlobalSection
	GlobalSection(SolutionProperties) = preSolution
		HideSolutionNode = FALSE
	EndGlobalSection
	GlobalSection(ExtensibilityGlobals) = postSolution
		SolutionGuid = {82FCABDA-2B07-41F6-A0D6-7293F716E06B}
	EndGlobalSection
EndGlobal
